
Microsoft Visual Studio Solution File, Format Version 12.00
Project("{FAE04EC0-301F-11D3-BF4B-00C04F79EFBC}") = "VirtualEventTicketing", "VirtualEventTicketing\VirtualEventTicketing.csproj", "{EDDFC0E7-7C18-473A-B831-B8003AD7018B}"
EndProject
Global
	GlobalSection(SolutionConfigurationPlatforms) = preSolution
		Debug|Any CPU = Debug|Any CPU
		Release|Any CPU = Release|Any CPU
	EndGlobalSection
	GlobalSection(ProjectConfigurationPlatforms) = postSolution
		{EDDFC0E7-7C18-473A-B831-B8003AD7018B}.Debug|Any CPU.ActiveCfg = Debug|Any CPU
		{EDDFC0E7-7C18-473A-B831-B8003AD7018B}.Debug|Any CPU.Build.0 = Debug|Any CPU
		{EDDFC0E7-7C18-473A-B831-B8003AD7018B}.Release|Any CPU.ActiveCfg = Release|Any CPU
		{EDDFC0E7-7C18-473A-B831-B8003AD7018B}.Release|Any CPU.Build.0 = Release|Any CPU
	EndGlobalSection
EndGlobal
